
Microsoft Visual Studio Solution File, Format Version 12.00
# Visual Studio Version 17
VisualStudioVersion = 17.0.31903.59
MinimumVisualStudioVersion = 10.0.40219.1
Project("{2150E333-8FDC-42A3-9474-1A3956D46DE8}") = "src", "src", "{7A9574FD-4A9C-44D8-935A-D3F7CAF2AFC9}"
EndProject
Project("{FAE04EC0-301F-11D3-BF4B-00C04F79EFBC}") = "Connector", "src\Connector\Connector.csproj", "{55E199DC-D8B4-40B0-AE27-D1630411770B}"
EndProject
Project("{2150E333-8FDC-42A3-9474-1A3956D46DE8}") = "tests", "tests", "{4193FD8A-9E7F-4447-9AB0-E2883F5100FB}"
EndProject
Project("{FAE04EC0-301F-11D3-BF4B-00C04F79EFBC}") = "Connector.Tests", "tests\Connector.Tests\Connector.Tests.csproj", "{EDB143E5-2FD9-4242-8B0F-73E5EEE8DD2D}"
EndProject
Global
	GlobalSection(SolutionConfigurationPlatforms) = preSolution
		Debug|Any CPU = Debug|Any CPU
		Release|Any CPU = Release|Any CPU
	EndGlobalSection
	GlobalSection(SolutionProperties) = preSolution
		HideSolutionNode = FALSE
	EndGlobalSection
	GlobalSection(ProjectConfigurationPlatforms) = postSolution
		{55E199DC-D8B4-40B0-AE27-D1630411770B}.Debug|Any CPU.ActiveCfg = Debug|Any CPU
		{55E199DC-D8B4-40B0-AE27-D1630411770B}.Debug|Any CPU.Build.0 = Debug|Any CPU
		{55E199DC-D8B4-40B0-AE27-D1630411770B}.Release|Any CPU.ActiveCfg = Release|Any CPU
		{55E199DC-D8B4-40B0-AE27-D1630411770B}.Release|Any CPU.Build.0 = Release|Any CPU
		{EDB143E5-2FD9-4242-8B0F-73E5EEE8DD2D}.Debug|Any CPU.ActiveCfg = Debug|Any CPU
		{EDB143E5-2FD9-4242-8B0F-73E5EEE8DD2D}.Debug|Any CPU.Build.0 = Debug|Any CPU
		{EDB143E5-2FD9-4242-8B0F-73E5EEE8DD2D}.Release|Any CPU.ActiveCfg = Release|Any CPU
		{EDB143E5-2FD9-4242-8B0F-73E5EEE8DD2D}.Release|Any CPU.Build.0 = Release|Any CPU
	EndGlobalSection
	GlobalSection(NestedProjects) = preSolution
		{55E199DC-D8B4-40B0-AE27-D1630411770B} = {7A9574FD-4A9C-44D8-935A-D3F7CAF2AFC9}
		{EDB143E5-2FD9-4242-8B0F-73E5EEE8DD2D} = {4193FD8A-9E7F-4447-9AB0-E2883F5100FB}
	EndGlobalSection
EndGlobal
